
Microsoft Visual Studio Solution File, Format Version 12.00
# Visual Studio Version 16
VisualStudioVersion = 16.0.31424.327
MinimumVisualStudioVersion = 10.0.40219.1
Project("{FAE04EC0-301F-11D3-BF4B-00C04F79EFBC}") = "checkAdminPc-service", "checkAdminPc-service\checkAdminPc-service.csproj", "{2C276B82-DACF-46C5-BE41-4838FD8B4BB4}"
EndProject
Global
	GlobalSection(SolutionConfigurationPlatforms) = preSolution
		Debug|Any CPU = Debug|Any CPU
		Release|Any CPU = Release|Any CPU
	EndGlobalSection
	GlobalSection(ProjectConfigurationPlatforms) = postSolution
		{2C276B82-DACF-46C5-BE41-4838FD8B4BB4}.Debug|Any CPU.ActiveCfg = Debug|Any CPU
		{2C276B82-DACF-46C5-BE41-4838FD8B4BB4}.Debug|Any CPU.Build.0 = Debug|Any CPU
		{2C276B82-DACF-46C5-BE41-4838FD8B4BB4}.Release|Any CPU.ActiveCfg = Release|Any CPU
		{2C276B82-DACF-46C5-BE41-4838FD8B4BB4}.Release|Any CPU.Build.0 = Release|Any CPU
	EndGlobalSection
	GlobalSection(SolutionProperties) = preSolution
		HideSolutionNode = FALSE
	EndGlobalSection
	GlobalSection(ExtensibilityGlobals) = postSolution
		SolutionGuid = {34360929-4FD4-4E39-9822-3CCDBB0D2412}
	EndGlobalSection
EndGlobal
